
Microsoft Visual Studio Solution File, Format Version 12.00
# Visual Studio 15
VisualStudioVersion = 15.0.27130.2010
MinimumVisualStudioVersion = 10.0.40219.1
Project("{FAE04EC0-301F-11D3-BF4B-00C04F79EFBC}") = "Nested Lists", "Nested Lists\Nested Lists.csproj", "{981389CF-F814-4DE5-9E40-1393DA9DFAD3}"
EndProject
Global
	GlobalSection(SolutionConfigurationPlatforms) = preSolution
		Debug|Any CPU = Debug|Any CPU
		Release|Any CPU = Release|Any CPU
	EndGlobalSection
	GlobalSection(ProjectConfigurationPlatforms) = postSolution
		{981389CF-F814-4DE5-9E40-1393DA9DFAD3}.Debug|Any CPU.ActiveCfg = Debug|Any CPU
		{981389CF-F814-4DE5-9E40-1393DA9DFAD3}.Debug|Any CPU.Build.0 = Debug|Any CPU
		{981389CF-F814-4DE5-9E40-1393DA9DFAD3}.Release|Any CPU.ActiveCfg = Release|Any CPU
		{981389CF-F814-4DE5-9E40-1393DA9DFAD3}.Release|Any CPU.Build.0 = Release|Any CPU
	EndGlobalSection
	GlobalSection(SolutionProperties) = preSolution
		HideSolutionNode = FALSE
	EndGlobalSection
	GlobalSection(ExtensibilityGlobals) = postSolution
		SolutionGuid = {C37DFF13-C256-49CB-BF2B-A696DE4A8245}
	EndGlobalSection
EndGlobal
