
Microsoft Visual Studio Solution File, Format Version 12.00
# Visual Studio 15
VisualStudioVersion = 15.0.27130.2010
MinimumVisualStudioVersion = 10.0.40219.1
Project("{E24C65DC-7377-472B-9ABA-BC803B73C61A}") = "CSSw6-3", "CSSw6-3\", "{776EB1CA-98CA-429D-9AA8-7492E7068C1B}"
	ProjectSection(WebsiteProperties) = preProject
		TargetFrameworkMoniker = ".NETFramework,Version%3Dv4.6.1"
		Debug.AspNetCompiler.VirtualPath = "/localhost_59984"
		Debug.AspNetCompiler.PhysicalPath = "CSSw6-3\"
		Debug.AspNetCompiler.TargetPath = "PrecompiledWeb\localhost_59984\"
		Debug.AspNetCompiler.Updateable = "true"
		Debug.AspNetCompiler.ForceOverwrite = "true"
		Debug.AspNetCompiler.FixedNames = "false"
		Debug.AspNetCompiler.Debug = "True"
		Release.AspNetCompiler.VirtualPath = "/localhost_59984"
		Release.AspNetCompiler.PhysicalPath = "CSSw6-3\"
		Release.AspNetCompiler.TargetPath = "PrecompiledWeb\localhost_59984\"
		Release.AspNetCompiler.Updateable = "true"
		Release.AspNetCompiler.ForceOverwrite = "true"
		Release.AspNetCompiler.FixedNames = "false"
		Release.AspNetCompiler.Debug = "False"
		VWDPort = "59984"
		SlnRelativePath = "CSSw6-3\"
		DefaultWebSiteLanguage = "Visual C#"
	EndProjectSection
EndProject
Global
	GlobalSection(SolutionConfigurationPlatforms) = preSolution
		Debug|Any CPU = Debug|Any CPU
	EndGlobalSection
	GlobalSection(ProjectConfigurationPlatforms) = postSolution
		{776EB1CA-98CA-429D-9AA8-7492E7068C1B}.Debug|Any CPU.ActiveCfg = Debug|Any CPU
		{776EB1CA-98CA-429D-9AA8-7492E7068C1B}.Debug|Any CPU.Build.0 = Debug|Any CPU
	EndGlobalSection
	GlobalSection(SolutionProperties) = preSolution
		HideSolutionNode = FALSE
	EndGlobalSection
	GlobalSection(ExtensibilityGlobals) = postSolution
		SolutionGuid = {6298748A-DCC4-49F3-B044-932C03FB8A4F}
	EndGlobalSection
EndGlobal
