
Microsoft Visual Studio Solution File, Format Version 12.00
# Visual Studio 15
VisualStudioVersion = 15.0.27130.2010
MinimumVisualStudioVersion = 10.0.40219.1
Project("{FAE04EC0-301F-11D3-BF4B-00C04F79EFBC}") = "webbasic", "webbasic\webbasic.csproj", "{71C6D5E4-B3BA-43DC-B5E6-97E6A1602D1A}"
EndProject
Global
	GlobalSection(SolutionConfigurationPlatforms) = preSolution
		Debug|Any CPU = Debug|Any CPU
		Release|Any CPU = Release|Any CPU
	EndGlobalSection
	GlobalSection(ProjectConfigurationPlatforms) = postSolution
		{71C6D5E4-B3BA-43DC-B5E6-97E6A1602D1A}.Debug|Any CPU.ActiveCfg = Debug|Any CPU
		{71C6D5E4-B3BA-43DC-B5E6-97E6A1602D1A}.Debug|Any CPU.Build.0 = Debug|Any CPU
		{71C6D5E4-B3BA-43DC-B5E6-97E6A1602D1A}.Release|Any CPU.ActiveCfg = Release|Any CPU
		{71C6D5E4-B3BA-43DC-B5E6-97E6A1602D1A}.Release|Any CPU.Build.0 = Release|Any CPU
	EndGlobalSection
	GlobalSection(SolutionProperties) = preSolution
		HideSolutionNode = FALSE
	EndGlobalSection
	GlobalSection(ExtensibilityGlobals) = postSolution
		SolutionGuid = {342C66B6-98E5-4B24-9D36-1E2601106AD6}
	EndGlobalSection
EndGlobal
