
Microsoft Visual Studio Solution File, Format Version 12.00
# Visual Studio 15
VisualStudioVersion = 15.0.27130.2010
MinimumVisualStudioVersion = 10.0.40219.1
Project("{E24C65DC-7377-472B-9ABA-BC803B73C61A}") = "CSSw6-4", "CSSw6-4\", "{429805F3-16F9-407F-B0D1-C76547BF7C01}"
	ProjectSection(WebsiteProperties) = preProject
		TargetFrameworkMoniker = ".NETFramework,Version%3Dv4.6.1"
		Debug.AspNetCompiler.VirtualPath = "/localhost_49634"
		Debug.AspNetCompiler.PhysicalPath = "CSSw6-4\"
		Debug.AspNetCompiler.TargetPath = "PrecompiledWeb\localhost_49634\"
		Debug.AspNetCompiler.Updateable = "true"
		Debug.AspNetCompiler.ForceOverwrite = "true"
		Debug.AspNetCompiler.FixedNames = "false"
		Debug.AspNetCompiler.Debug = "True"
		Release.AspNetCompiler.VirtualPath = "/localhost_49634"
		Release.AspNetCompiler.PhysicalPath = "CSSw6-4\"
		Release.AspNetCompiler.TargetPath = "PrecompiledWeb\localhost_49634\"
		Release.AspNetCompiler.Updateable = "true"
		Release.AspNetCompiler.ForceOverwrite = "true"
		Release.AspNetCompiler.FixedNames = "false"
		Release.AspNetCompiler.Debug = "False"
		VWDPort = "49634"
		SlnRelativePath = "CSSw6-4\"
		DefaultWebSiteLanguage = "Visual C#"
	EndProjectSection
EndProject
Global
	GlobalSection(SolutionConfigurationPlatforms) = preSolution
		Debug|Any CPU = Debug|Any CPU
	EndGlobalSection
	GlobalSection(ProjectConfigurationPlatforms) = postSolution
		{429805F3-16F9-407F-B0D1-C76547BF7C01}.Debug|Any CPU.ActiveCfg = Debug|Any CPU
		{429805F3-16F9-407F-B0D1-C76547BF7C01}.Debug|Any CPU.Build.0 = Debug|Any CPU
	EndGlobalSection
	GlobalSection(SolutionProperties) = preSolution
		HideSolutionNode = FALSE
	EndGlobalSection
	GlobalSection(ExtensibilityGlobals) = postSolution
		SolutionGuid = {4C11BE29-DFBB-427A-891E-A453FCB054AC}
	EndGlobalSection
EndGlobal
